
Microsoft Visual Studio Solution File, Format Version 12.00
# Visual Studio Version 16
VisualStudioVersion = 16.0.30309.148
MinimumVisualStudioVersion = 10.0.40219.1
Project("{9A19103F-16F7-4668-BE54-9A1E7A4F7556}") = "HelloWorld", "HelloWorld.csproj", "{995C030A-2F92-44F3-967F-4DFA5750DC96}"
EndProject
Global
	GlobalSection(SolutionConfigurationPlatforms) = preSolution
		Debug|Any CPU = Debug|Any CPU
		Release|Any CPU = Release|Any CPU
	EndGlobalSection
	GlobalSection(ProjectConfigurationPlatforms) = postSolution
		{995C030A-2F92-44F3-967F-4DFA5750DC96}.Debug|Any CPU.ActiveCfg = Debug|Any CPU
		{995C030A-2F92-44F3-967F-4DFA5750DC96}.Debug|Any CPU.Build.0 = Debug|Any CPU
		{995C030A-2F92-44F3-967F-4DFA5750DC96}.Release|Any CPU.ActiveCfg = Release|Any CPU
		{995C030A-2F92-44F3-967F-4DFA5750DC96}.Release|Any CPU.Build.0 = Release|Any CPU
	EndGlobalSection
	GlobalSection(SolutionProperties) = preSolution
		HideSolutionNode = FALSE
	EndGlobalSection
	GlobalSection(ExtensibilityGlobals) = postSolution
		SolutionGuid = {752DA296-345C-4D34-93BF-8C251CCF71A2}
	EndGlobalSection
EndGlobal
